{
  "version": 4,
  "terraform_version": "1.3.7",
  "serial": 3,
  "lineage": "29f4462a-bdc3-7379-1ab9-edd0e3994aac",
  "outputs": {},
  "resources": [
    {
      "module": "module.go_websvr",
      "mode": "managed",
      "type": "docker_container",
      "name": "gosvr",
      "provider": "provider[\"registry.terraform.io/kreuzwerker/docker\"]",
      "instances": [
        {
          "status": "tainted",
          "schema_version": 2,
          "attributes": {
            "attach": false,
            "bridge": null,
            "capabilities": [],
            "command": null,
            "container_logs": null,
            "container_read_refresh_timeout_milliseconds": 15000,
            "cpu_set": null,
            "cpu_shares": null,
            "destroy_grace_seconds": null,
            "devices": [],
            "dns": null,
            "dns_opts": null,
            "dns_search": null,
            "domainname": null,
            "entrypoint": null,
            "env": [],
            "exit_code": null,
            "gateway": null,
            "gpus": null,
            "group_add": null,
            "healthcheck": null,
            "host": [],
            "hostname": null,
            "id": "5f5b9ba04cd743afb53443920e1846f2efcf940fca578bda33d236811b9af9e8",
            "image": "sha256:bceba0e709ed4da6bf460f518af5ac9a7874e493afb9f719fe65db1dad4338cd",
            "init": null,
            "ip_address": null,
            "ip_prefix_length": null,
            "ipc_mode": null,
            "labels": [],
            "links": null,
            "log_driver": null,
            "log_opts": null,
            "logs": false,
            "max_retry_count": null,
            "memory": null,
            "memory_swap": null,
            "mounts": [],
            "must_run": true,
            "name": "go_service_with_module",
            "network_alias": null,
            "network_data": null,
            "network_mode": null,
            "networks": null,
            "networks_advanced": [],
            "pid_mode": null,
            "ports": [
              {
                "external": 2224,
                "internal": 9876,
                "ip": "0.0.0.0",
                "protocol": "tcp"
              }
            ],
            "privileged": null,
            "publish_all_ports": null,
            "read_only": false,
            "remove_volumes": true,
            "restart": "no",
            "rm": false,
            "runtime": null,
            "security_opts": [],
            "shm_size": null,
            "start": true,
            "stdin_open": false,
            "stop_signal": null,
            "stop_timeout": null,
            "storage_opts": null,
            "sysctls": null,
            "tmpfs": null,
            "tty": false,
            "ulimit": [],
            "upload": [],
            "user": null,
            "userns_mode": null,
            "volumes": [],
            "working_dir": null
          },
          "sensitive_attributes": [],
          "private": "eyJzY2hlbWFfdmVyc2lvbiI6IjIifQ==",
          "dependencies": [
            "module.go_websvr.docker_image.gosvr"
          ]
        }
      ]
    },
    {
      "module": "module.go_websvr",
      "mode": "managed",
      "type": "docker_image",
      "name": "gosvr",
      "provider": "provider[\"registry.terraform.io/kreuzwerker/docker\"]",
      "instances": [
        {
          "schema_version": 0,
          "attributes": {
            "build": [],
            "force_remove": null,
            "id": "sha256:bceba0e709ed4da6bf460f518af5ac9a7874e493afb9f719fe65db1dad4338cddockergo:multistage",
            "image_id": "sha256:bceba0e709ed4da6bf460f518af5ac9a7874e493afb9f719fe65db1dad4338cd",
            "keep_locally": true,
            "latest": "sha256:bceba0e709ed4da6bf460f518af5ac9a7874e493afb9f719fe65db1dad4338cd",
            "name": "dockergo:multistage",
            "output": null,
            "pull_trigger": null,
            "pull_triggers": null,
            "repo_digest": "",
            "triggers": null
          },
          "sensitive_attributes": [],
          "private": "bnVsbA=="
        }
      ]
    }
  ],
  "check_results": null
}
